
Microsoft Visual Studio Solution File, Format Version 12.00
# Visual Studio Version 16
VisualStudioVersion = 16.0.31019.35
MinimumVisualStudioVersion = 10.0.40219.1
Project("{2150E333-8FDC-42A3-9474-1A3956D46DE8}") = "Services", "Services", "{381EAB1C-B110-483D-9C4C-582F82BA574B}"
EndProject
Project("{2150E333-8FDC-42A3-9474-1A3956D46DE8}") = "Catalog", "Catalog", "{AB051CEE-0513-4471-965A-078BEF6320A1}"
EndProject
Project("{FAE04EC0-301F-11D3-BF4B-00C04F79EFBC}") = "Catalog.API", "Services\Catalog\Catalog.API\Catalog.API.csproj", "{52F62645-532C-451E-93F3-9706D80567A7}"
EndProject
Global
	GlobalSection(SolutionConfigurationPlatforms) = preSolution
		Debug|Any CPU = Debug|Any CPU
		Release|Any CPU = Release|Any CPU
	EndGlobalSection
	GlobalSection(ProjectConfigurationPlatforms) = postSolution
		{52F62645-532C-451E-93F3-9706D80567A7}.Debug|Any CPU.ActiveCfg = Debug|Any CPU
		{52F62645-532C-451E-93F3-9706D80567A7}.Debug|Any CPU.Build.0 = Debug|Any CPU
		{52F62645-532C-451E-93F3-9706D80567A7}.Release|Any CPU.ActiveCfg = Release|Any CPU
		{52F62645-532C-451E-93F3-9706D80567A7}.Release|Any CPU.Build.0 = Release|Any CPU
	EndGlobalSection
	GlobalSection(SolutionProperties) = preSolution
		HideSolutionNode = FALSE
	EndGlobalSection
	GlobalSection(NestedProjects) = preSolution
		{AB051CEE-0513-4471-965A-078BEF6320A1} = {381EAB1C-B110-483D-9C4C-582F82BA574B}
		{52F62645-532C-451E-93F3-9706D80567A7} = {AB051CEE-0513-4471-965A-078BEF6320A1}
	EndGlobalSection
	GlobalSection(ExtensibilityGlobals) = postSolution
		SolutionGuid = {5DA45905-67AA-4054-A1EF-30DC6673BCC1}
	EndGlobalSection
EndGlobal
